{
  "name": "earmo-node-shell",
  "version": "1.0.0",
  "lockfileVersion": 1,
  "requires": true,
  "dependencies": {
    "line-replace": {
      "version": "1.0.3",
      "resolved": "https://registry.npmjs.org/line-replace/-/line-replace-1.0.3.tgz",
      "integrity": "sha512-2f/Od+55wuPNto23mgxliWU19xOrHZo6joqtNYQraInC1xwsWBN1uN352tuIUCAHsUZKSgbNjwZjWi19C0nmfg=="
    }
  }
}
